
Microsoft Visual Studio Solution File, Format Version 12.00
# Visual Studio Version 17
VisualStudioVersion = 17.10.35027.167
MinimumVisualStudioVersion = 10.0.40219.1
Project("{8BC9CEB8-8B4A-11D0-8D11-00A0C91BC942}") = "Translate", "Translate.vcxproj", "{4ADA5DAA-8FE7-45FD-9541-C671B1C3D121}"
EndProject
Project("{8BC9CEB8-8B4A-11D0-8D11-00A0C91BC942}") = "TranslateAPI", "TranslateAPI\TranslateAPI.vcxproj", "{254092F4-AE6E-416A-AED4-072776CFA94F}"
EndProject
Project("{8BC9CEB8-8B4A-11D0-8D11-00A0C91BC942}") = "SaveData", "SaveData\SaveData.vcxproj", "{6596B5B1-4770-485F-A80A-A4F3A6AE7012}"
EndProject
Project("{8BC9CEB8-8B4A-11D0-8D11-00A0C91BC942}") = "ExceptionHandling", "ExceptionHandling\ExceptionHandling.vcxproj", "{57FB4125-65BF-4DE5-B2A8-8CAD53CBCDFB}"
EndProject
Project("{2150E333-8FDC-42A3-9474-1A3956D46DE8}") = "解决方案项", "解决方案项", "{817CF8FF-0D6A-4C7B-BB6A-58A657ABCD62}"
	ProjectSection(SolutionItems) = preProject
		readme.md = readme.md
	EndProjectSection
EndProject
Project("{8BC9CEB8-8B4A-11D0-8D11-00A0C91BC942}") = "TranslateGUI", "TranslateGUI\TranslateGUI.vcxproj", "{47FE37E2-1D10-4E57-A938-F9028BBA2D98}"
EndProject
Global
	GlobalSection(ExtensibilityGlobals) = postSolution
		SolutionGuid = {369D899D-DA7C-4737-983E-98B13E8714AF}
	EndGlobalSection
	GlobalSection(ProjectConfigurationPlatforms) = postSolution
		{254092F4-AE6E-416A-AED4-072776CFA94F}.Debug|ARM64.ActiveCfg = Debug|x64
		{254092F4-AE6E-416A-AED4-072776CFA94F}.Debug|ARM64.Build.0 = Debug|x64
		{254092F4-AE6E-416A-AED4-072776CFA94F}.Debug|x64.ActiveCfg = Debug|x64
		{254092F4-AE6E-416A-AED4-072776CFA94F}.Debug|x64.Build.0 = Debug|x64
		{254092F4-AE6E-416A-AED4-072776CFA94F}.Debug|x86.ActiveCfg = Debug|Win32
		{254092F4-AE6E-416A-AED4-072776CFA94F}.Debug|x86.Build.0 = Debug|Win32
		{254092F4-AE6E-416A-AED4-072776CFA94F}.Release|ARM64.ActiveCfg = Release|x64
		{254092F4-AE6E-416A-AED4-072776CFA94F}.Release|ARM64.Build.0 = Release|x64
		{254092F4-AE6E-416A-AED4-072776CFA94F}.Release|x64.ActiveCfg = Release|x64
		{254092F4-AE6E-416A-AED4-072776CFA94F}.Release|x64.Build.0 = Release|x64
		{254092F4-AE6E-416A-AED4-072776CFA94F}.Release|x86.ActiveCfg = Release|Win32
		{254092F4-AE6E-416A-AED4-072776CFA94F}.Release|x86.Build.0 = Release|Win32
		{47FE37E2-1D10-4E57-A938-F9028BBA2D98}.Debug|ARM64.ActiveCfg = Debug|ARM64
		{47FE37E2-1D10-4E57-A938-F9028BBA2D98}.Debug|ARM64.Build.0 = Debug|ARM64
		{47FE37E2-1D10-4E57-A938-F9028BBA2D98}.Debug|ARM64.Deploy.0 = Debug|ARM64
		{47FE37E2-1D10-4E57-A938-F9028BBA2D98}.Debug|x64.ActiveCfg = Debug|x64
		{47FE37E2-1D10-4E57-A938-F9028BBA2D98}.Debug|x64.Build.0 = Debug|x64
		{47FE37E2-1D10-4E57-A938-F9028BBA2D98}.Debug|x64.Deploy.0 = Debug|x64
		{47FE37E2-1D10-4E57-A938-F9028BBA2D98}.Debug|x86.ActiveCfg = Debug|Win32
		{47FE37E2-1D10-4E57-A938-F9028BBA2D98}.Debug|x86.Build.0 = Debug|Win32
		{47FE37E2-1D10-4E57-A938-F9028BBA2D98}.Debug|x86.Deploy.0 = Debug|Win32
		{47FE37E2-1D10-4E57-A938-F9028BBA2D98}.Release|ARM64.ActiveCfg = Release|ARM64
		{47FE37E2-1D10-4E57-A938-F9028BBA2D98}.Release|ARM64.Build.0 = Release|ARM64
		{47FE37E2-1D10-4E57-A938-F9028BBA2D98}.Release|ARM64.Deploy.0 = Release|ARM64
		{47FE37E2-1D10-4E57-A938-F9028BBA2D98}.Release|x64.ActiveCfg = Release|x64
		{47FE37E2-1D10-4E57-A938-F9028BBA2D98}.Release|x64.Build.0 = Release|x64
		{47FE37E2-1D10-4E57-A938-F9028BBA2D98}.Release|x64.Deploy.0 = Release|x64
		{47FE37E2-1D10-4E57-A938-F9028BBA2D98}.Release|x86.ActiveCfg = Release|Win32
		{47FE37E2-1D10-4E57-A938-F9028BBA2D98}.Release|x86.Build.0 = Release|Win32
		{47FE37E2-1D10-4E57-A938-F9028BBA2D98}.Release|x86.Deploy.0 = Release|Win32
		{4ADA5DAA-8FE7-45FD-9541-C671B1C3D121}.Debug|ARM64.ActiveCfg = Debug|x64
		{4ADA5DAA-8FE7-45FD-9541-C671B1C3D121}.Debug|ARM64.Build.0 = Debug|x64
		{4ADA5DAA-8FE7-45FD-9541-C671B1C3D121}.Debug|x64.ActiveCfg = Debug|x64
		{4ADA5DAA-8FE7-45FD-9541-C671B1C3D121}.Debug|x64.Build.0 = Debug|x64
		{4ADA5DAA-8FE7-45FD-9541-C671B1C3D121}.Debug|x86.ActiveCfg = Debug|Win32
		{4ADA5DAA-8FE7-45FD-9541-C671B1C3D121}.Debug|x86.Build.0 = Debug|Win32
		{4ADA5DAA-8FE7-45FD-9541-C671B1C3D121}.Release|ARM64.ActiveCfg = Release|x64
		{4ADA5DAA-8FE7-45FD-9541-C671B1C3D121}.Release|ARM64.Build.0 = Release|x64
		{4ADA5DAA-8FE7-45FD-9541-C671B1C3D121}.Release|x64.ActiveCfg = Release|x64
		{4ADA5DAA-8FE7-45FD-9541-C671B1C3D121}.Release|x64.Build.0 = Release|x64
		{4ADA5DAA-8FE7-45FD-9541-C671B1C3D121}.Release|x86.ActiveCfg = Release|Win32
		{4ADA5DAA-8FE7-45FD-9541-C671B1C3D121}.Release|x86.Build.0 = Release|Win32
		{57FB4125-65BF-4DE5-B2A8-8CAD53CBCDFB}.Debug|ARM64.ActiveCfg = Debug|x64
		{57FB4125-65BF-4DE5-B2A8-8CAD53CBCDFB}.Debug|ARM64.Build.0 = Debug|x64
		{57FB4125-65BF-4DE5-B2A8-8CAD53CBCDFB}.Debug|x64.ActiveCfg = Debug|x64
		{57FB4125-65BF-4DE5-B2A8-8CAD53CBCDFB}.Debug|x64.Build.0 = Debug|x64
		{57FB4125-65BF-4DE5-B2A8-8CAD53CBCDFB}.Debug|x86.ActiveCfg = Debug|Win32
		{57FB4125-65BF-4DE5-B2A8-8CAD53CBCDFB}.Debug|x86.Build.0 = Debug|Win32
		{57FB4125-65BF-4DE5-B2A8-8CAD53CBCDFB}.Release|ARM64.ActiveCfg = Release|x64
		{57FB4125-65BF-4DE5-B2A8-8CAD53CBCDFB}.Release|ARM64.Build.0 = Release|x64
		{57FB4125-65BF-4DE5-B2A8-8CAD53CBCDFB}.Release|x64.ActiveCfg = Release|x64
		{57FB4125-65BF-4DE5-B2A8-8CAD53CBCDFB}.Release|x64.Build.0 = Release|x64
		{57FB4125-65BF-4DE5-B2A8-8CAD53CBCDFB}.Release|x86.ActiveCfg = Release|Win32
		{57FB4125-65BF-4DE5-B2A8-8CAD53CBCDFB}.Release|x86.Build.0 = Release|Win32
		{6596B5B1-4770-485F-A80A-A4F3A6AE7012}.Debug|ARM64.ActiveCfg = Debug|x64
		{6596B5B1-4770-485F-A80A-A4F3A6AE7012}.Debug|ARM64.Build.0 = Debug|x64
		{6596B5B1-4770-485F-A80A-A4F3A6AE7012}.Debug|x64.ActiveCfg = Debug|x64
		{6596B5B1-4770-485F-A80A-A4F3A6AE7012}.Debug|x64.Build.0 = Debug|x64
		{6596B5B1-4770-485F-A80A-A4F3A6AE7012}.Debug|x86.ActiveCfg = Debug|Win32
		{6596B5B1-4770-485F-A80A-A4F3A6AE7012}.Debug|x86.Build.0 = Debug|Win32
		{6596B5B1-4770-485F-A80A-A4F3A6AE7012}.Release|ARM64.ActiveCfg = Release|x64
		{6596B5B1-4770-485F-A80A-A4F3A6AE7012}.Release|ARM64.Build.0 = Release|x64
		{6596B5B1-4770-485F-A80A-A4F3A6AE7012}.Release|x64.ActiveCfg = Release|x64
		{6596B5B1-4770-485F-A80A-A4F3A6AE7012}.Release|x64.Build.0 = Release|x64
		{6596B5B1-4770-485F-A80A-A4F3A6AE7012}.Release|x86.ActiveCfg = Release|Win32
		{6596B5B1-4770-485F-A80A-A4F3A6AE7012}.Release|x86.Build.0 = Release|Win32
	EndGlobalSection
	GlobalSection(SolutionConfigurationPlatforms) = preSolution
		Debug|ARM64 = Debug|ARM64
		Debug|x64 = Debug|x64
		Debug|x86 = Debug|x86
		Release|ARM64 = Release|ARM64
		Release|x64 = Release|x64
		Release|x86 = Release|x86
	EndGlobalSection
	GlobalSection(SolutionProperties) = preSolution
		HideSolutionNode = FALSE
	EndGlobalSection
EndGlobal
F5B6F3F-6F5E-4C6F-9529-375455CA7F0E}.Release|ARM64.ActiveCfg = Release|ARM64
		{EF5B6F3F-6F5E-4C6F-9529-375455CA7F0E}.Release|ARM64.Build.0 = Release|ARM64
		{EF5B6F3F-6F5E-4C6F-9529-375455CA7F0E}.Release|ARM64.Deploy.0 = Release|ARM64
		{EF5B6F3F-6F5E-4C6F-9529-375455CA7F0E}.Release|x64.ActiveCfg = Release|x64
		{EF5B6F3F-6F5E-4C6F-9529-375455CA7F0E}.Release|x64.Build.0 = Release|x64
		{EF5B6F3F-6F5E-4C6F-9529-375455CA7F0E}.Release|x64.Deploy.0 = Release|x64
		{EF5B6F3F-6F5E-4C6F-9529-375455CA7F0E}.Release|x86.ActiveCfg = Release|Win32
		{EF5B6F3F-6F5E-4C6F-9529-375455CA7F0E}.Release|x86.Build.0 = Release|Win32
		{EF5B6F3F-6F5E-4C6F-9529-375455CA7F0E}.Release|x86.Deploy.0 = Release|Win32
	EndGlobalSection
	GlobalSection(SolutionConfigurationPlatforms) = preSolution
		Debug|ARM64 = Debug|ARM64
		Debug|x64 = Debug|x64
		Debug|x86 = Debug|x86
		Release|ARM64 = Release|ARM64
		Release|x64 = Release|x64
		Release|x86 = Release|x86
	EndGlobalSection
	GlobalSection(SolutionProperties) = preSolution
		HideSolutionNode = FALSE
	EndGlobalSection
EndGlobal

