Microsoft Visual Studio Solution File, Format Version 12.00
# 17
VisualStudioVersion = 17.11.35327.3
MinimumVisualStudioVersion = 10.0.40219.1
Project("{8BC9CEB8-8B4A-11D0-8D11-00A0C91BC942}") = "BaiduAPI", "BaiduAPI\BaiduAPI.vcxproj", "{4EC8E437-C310-436A-87E1-88EF7708537C}"
EndProject
Project("{8BC9CEB8-8B4A-11D0-8D11-00A0C91BC942}") = "BaiduAPITest", "BaiduAPITest\BaiduAPITest.vcxproj", "{AA5CE51E-1F50-4F1D-AEE5-B7A7297FFC69}"
EndProject
Project("{8BC9CEB8-8B4A-11D0-8D11-00A0C91BC942}") = "CommandTranslate", "CommandTranslate\CommandTranslate.vcxproj", "{7DF03D23-1345-4BA4-9C17-D5C13E8769EE}"
EndProject
Global
	GlobalSection(SolutionConfigurationPlatforms) = preSolution
		Debug|ARM64 = Debug|ARM64
		Debug|x64 = Debug|x64
		Debug|x86 = Debug|x86
		Release|ARM64 = Release|ARM64
		Release|x64 = Release|x64
		Release|x86 = Release|x86
	EndGlobalSection
	GlobalSection(ProjectConfigurationPlatforms) = postSolution
		{4EC8E437-C310-436A-87E1-88EF7708537C}.Debug|ARM64.ActiveCfg = Debug|x64
		{4EC8E437-C310-436A-87E1-88EF7708537C}.Debug|ARM64.Build.0 = Debug|x64
		{4EC8E437-C310-436A-87E1-88EF7708537C}.Debug|x64.ActiveCfg = Debug|x64
		{4EC8E437-C310-436A-87E1-88EF7708537C}.Debug|x64.Build.0 = Debug|x64
		{4EC8E437-C310-436A-87E1-88EF7708537C}.Debug|x86.ActiveCfg = Debug|Win32
		{4EC8E437-C310-436A-87E1-88EF7708537C}.Debug|x86.Build.0 = Debug|Win32
		{4EC8E437-C310-436A-87E1-88EF7708537C}.Release|ARM64.ActiveCfg = Release|x64
		{4EC8E437-C310-436A-87E1-88EF7708537C}.Release|ARM64.Build.0 = Release|x64
		{4EC8E437-C310-436A-87E1-88EF7708537C}.Release|x64.ActiveCfg = Release|x64
		{4EC8E437-C310-436A-87E1-88EF7708537C}.Release|x64.Build.0 = Release|x64
		{4EC8E437-C310-436A-87E1-88EF7708537C}.Release|x86.ActiveCfg = Release|Win32
		{4EC8E437-C310-436A-87E1-88EF7708537C}.Release|x86.Build.0 = Release|Win32
		{AA5CE51E-1F50-4F1D-AEE5-B7A7297FFC69}.Debug|ARM64.ActiveCfg = Debug|x64
		{AA5CE51E-1F50-4F1D-AEE5-B7A7297FFC69}.Debug|ARM64.Build.0 = Debug|x64
		{AA5CE51E-1F50-4F1D-AEE5-B7A7297FFC69}.Debug|x64.ActiveCfg = Debug|x64
		{AA5CE51E-1F50-4F1D-AEE5-B7A7297FFC69}.Debug|x64.Build.0 = Debug|x64
		{AA5CE51E-1F50-4F1D-AEE5-B7A7297FFC69}.Debug|x86.ActiveCfg = Debug|Win32
		{AA5CE51E-1F50-4F1D-AEE5-B7A7297FFC69}.Debug|x86.Build.0 = Debug|Win32
		{AA5CE51E-1F50-4F1D-AEE5-B7A7297FFC69}.Release|ARM64.ActiveCfg = Release|x64
		{AA5CE51E-1F50-4F1D-AEE5-B7A7297FFC69}.Release|ARM64.Build.0 = Release|x64
		{AA5CE51E-1F50-4F1D-AEE5-B7A7297FFC69}.Release|x64.ActiveCfg = Release|x64
		{AA5CE51E-1F50-4F1D-AEE5-B7A7297FFC69}.Release|x64.Build.0 = Release|x64
		{AA5CE51E-1F50-4F1D-AEE5-B7A7297FFC69}.Release|x86.ActiveCfg = Release|Win32
		{AA5CE51E-1F50-4F1D-AEE5-B7A7297FFC69}.Release|x86.Build.0 = Release|Win32
		{7DF03D23-1345-4BA4-9C17-D5C13E8769EE}.Debug|ARM64.ActiveCfg = Debug|x64
		{7DF03D23-1345-4BA4-9C17-D5C13E8769EE}.Debug|ARM64.Build.0 = Debug|x64
		{7DF03D23-1345-4BA4-9C17-D5C13E8769EE}.Debug|x64.ActiveCfg = Debug|x64
		{7DF03D23-1345-4BA4-9C17-D5C13E8769EE}.Debug|x64.Build.0 = Debug|x64
		{7DF03D23-1345-4BA4-9C17-D5C13E8769EE}.Debug|x86.ActiveCfg = Debug|Win32
		{7DF03D23-1345-4BA4-9C17-D5C13E8769EE}.Debug|x86.Build.0 = Debug|Win32
		{7DF03D23-1345-4BA4-9C17-D5C13E8769EE}.Release|ARM64.ActiveCfg = Release|x64
		{7DF03D23-1345-4BA4-9C17-D5C13E8769EE}.Release|ARM64.Build.0 = Release|x64
		{7DF03D23-1345-4BA4-9C17-D5C13E8769EE}.Release|x64.ActiveCfg = Release|x64
		{7DF03D23-1345-4BA4-9C17-D5C13E8769EE}.Release|x64.Build.0 = Release|x64
		{7DF03D23-1345-4BA4-9C17-D5C13E8769EE}.Release|x86.ActiveCfg = Release|Win32
		{7DF03D23-1345-4BA4-9C17-D5C13E8769EE}.Release|x86.Build.0 = Release|Win32
	EndGlobalSection
	GlobalSection(SolutionProperties) = preSolution
		HideSolutionNode = FALSE
	EndGlobalSection
	GlobalSection(ExtensibilityGlobals) = postSolution
		SolutionGuid = {A7F90E26-8AE5-486B-9160-88C9302146F8}
	EndGlobalSection
EndGlobal
